// !$*UTF8*$!
{
	archiveVersion = 1;
	classes = {
	};
	objectVersion = 46;
	objects = {

/* Begin PBXBuildFile section */
		A41B6E691E4CE8A200C44013 /* AppDelegate.m in Sources */ = {isa = PBXBuildFile; fileRef = A41B6E681E4CE8A200C44013 /* AppDelegate.m */; };
		A41B6E6C1E4CE8A200C44013 /* main.m in Sources */ = {isa = PBXBuildFile; fileRef = A41B6E6B1E4CE8A200C44013 /* main.m */; };
		A41B6E6E1E4CE8A200C44013 /* Assets.xcassets in Resources */ = {isa = PBXBuildFile; fileRef = A41B6E6D1E4CE8A200C44013 /* Assets.xcassets */; };
		A41B6E711E4CE8A200C44013 /* MainMenu.xib in Resources */ = {isa = PBXBuildFile; fileRef = A41B6E6F1E4CE8A200C44013 /* MainMenu.xib */; };
		A41B6E7A1E4CED5900C44013 /* CustomOutlineView.m in Sources */ = {isa = PBXBuildFile; fileRef = A41B6E791E4CED5900C44013 /* CustomOutlineView.m */; };
		A4A4A8191E80087300C44013 /* MyTextView.m in Sources */ = {isa = PBXBuildFile; fileRef = A4A4A8181E80087300C44013 /* MyTextView.m */; };
		A4AF99C11E53C5E300C44013 /* ImageAndTextCell.m in Sources */ = {isa = PBXBuildFile; fileRef = A4AF99C01E53C5E300C44013 /* ImageAndTextCell.m */; };
/* End PBXBuildFile section */

/* Begin PBXFileReference section */
		A41B6E641E4CE8A200C44013 /* OutlineViewTest.app */ = {isa = PBXFileReference; explicitFileType = wrapper.application; includeInIndex = 0; path = OutlineViewTest.app; sourceTree = BUILT_PRODUCTS_DIR; };
		A41B6E671E4CE8A200C44013 /* AppDelegate.h */ = {isa = PBXFileReference; lastKnownFileType = sourcecode.c.h; path = AppDelegate.h; sourceTree = "<group>"; };
		A41B6E681E4CE8A200C44013 /* AppDelegate.m */ = {isa = PBXFileReference; lastKnownFileType = sourcecode.c.objc; path = AppDelegate.m; sourceTree = "<group>"; };
		A41B6E6B1E4CE8A200C44013 /* main.m */ = {isa = PBXFileReference; lastKnownFileType = sourcecode.c.objc; path = main.m; sourceTree = "<group>"; };
		A41B6E6D1E4CE8A200C44013 /* Assets.xcassets */ = {isa = PBXFileReference; lastKnownFileType = folder.assetcatalog; path = Assets.xcassets; sourceTree = "<group>"; };
		A41B6E721E4CE8A200C44013 /* Info.plist */ = {isa = PBXFileReference; lastKnownFileType = text.plist.xml; path = Info.plist; sourceTree = "<group>"; };
		A41B6E781E4CED5900C44013 /* CustomOutlineView.h */ = {isa = PBXFileReference; fileEncoding = 4; lastKnownFileType = sourcecode.c.h; path = CustomOutlineView.h; sourceTree = "<group>"; };
		A41B6E791E4CED5900C44013 /* CustomOutlineView.m */ = {isa = PBXFileReference; fileEncoding = 4; lastKnownFileType = sourcecode.c.objc; path = CustomOutlineView.m; sourceTree = "<group>"; };
		A4A4A8171E80087300C44013 /* MyTextView.h */ = {isa = PBXFileReference; fileEncoding = 4; lastKnownFileType = sourcecode.c.h; path = MyTextView.h; sourceTree = "<group>"; };
		A4A4A8181E80087300C44013 /* MyTextView.m */ = {isa = PBXFileReference; fileEncoding = 4; lastKnownFileType = sourcecode.c.objc; path = MyTextView.m; sourceTree = "<group>"; };
		A4AF41871E77F12000C44013 /* en */ = {isa = PBXFileReference; lastKnownFileType = file.xib; name = en; path = en.lproj/MainMenu.xib; sourceTree = "<group>"; };
		A4AF99BF1E53C5E300C44013 /* ImageAndTextCell.h */ = {isa = PBXFileReference; fileEncoding = 4; lastKnownFileType = sourcecode.c.h; path = ImageAndTextCell.h; sourceTree = "<group>"; };
		A4AF99C01E53C5E300C44013 /* ImageAndTextCell.m */ = {isa = PBXFileReference; fileEncoding = 4; lastKnownFileType = sourcecode.c.objc; path = ImageAndTextCell.m; sourceTree = "<group>"; };
/* End PBXFileReference section */

/* Begin PBXFrameworksBuildPhase section */
		A41B6E611E4CE8A200C44013 /* Frameworks */ = {
			isa = PBXFrameworksBuildPhase;
			buildActionMask = 2147483647;
			files = (
			);
			runOnlyForDeploymentPostprocessing = 0;
		};
/* End PBXFrameworksBuildPhase section */

/* Begin PBXGroup section */
		A41B6E5B1E4CE8A200C44013 = {
			isa = PBXGroup;
			children = (
				A41B6E661E4CE8A200C44013 /* Source */,
				A41B6E651E4CE8A200C44013 /* Products */,
			);
			sourceTree = "<group>";
		};
		A41B6E651E4CE8A200C44013 /* Products */ = {
			isa = PBXGroup;
			children = (
				A41B6E641E4CE8A200C44013 /* OutlineViewTest.app */,
			);
			name = Products;
			sourceTree = "<group>";
		};
		A41B6E661E4CE8A200C44013 /* Source */ = {
			isa = PBXGroup;
			children = (
				A41B6E671E4CE8A200C44013 /* AppDelegate.h */,
				A41B6E681E4CE8A200C44013 /* AppDelegate.m */,
				A41B6E781E4CED5900C44013 /* CustomOutlineView.h */,
				A41B6E791E4CED5900C44013 /* CustomOutlineView.m */,
				A4AF99BF1E53C5E300C44013 /* ImageAndTextCell.h */,
				A4AF99C01E53C5E300C44013 /* ImageAndTextCell.m */,
				A4A4A8171E80087300C44013 /* MyTextView.h */,
				A4A4A8181E80087300C44013 /* MyTextView.m */,
				A41B6E6D1E4CE8A200C44013 /* Assets.xcassets */,
				A41B6E6F1E4CE8A200C44013 /* MainMenu.xib */,
				A41B6E721E4CE8A200C44013 /* Info.plist */,
				A41B6E6A1E4CE8A200C44013 /* Supporting Files */,
			);
			path = Source;
			sourceTree = "<group>";
		};
		A41B6E6A1E4CE8A200C44013 /* Supporting Files */ = {
			isa = PBXGroup;
			children = (
				A41B6E6B1E4CE8A200C44013 /* main.m */,
			);
			name = "Supporting Files";
			sourceTree = "<group>";
		};
/* End PBXGroup section */

/* Begin PBXNativeTarget section */
		A41B6E631E4CE8A200C44013 /* OutlineViewTest */ = {
			isa = PBXNativeTarget;
			buildConfigurationList = A41B6E751E4CE8A200C44013 /* Build configuration list for PBXNativeTarget "OutlineViewTest" */;
			buildPhases = (
				A41B6E601E4CE8A200C44013 /* Sources */,
				A41B6E611E4CE8A200C44013 /* Frameworks */,
				A41B6E621E4CE8A200C44013 /* Resources */,
			);
			buildRules = (
			);
			dependencies = (
			);
			name = OutlineViewTest;
			productName = TableView_Custom_ColumnWidths;
			productReference = A41B6E641E4CE8A200C44013 /* OutlineViewTest.app */;
			productType = "com.apple.product-type.application";
		};
/* End PBXNativeTarget section */

/* Begin PBXProject section */
		A41B6E5C1E4CE8A200C44013 /* Project object */ = {
			isa = PBXProject;
			attributes = {
				LastUpgradeCheck = 0720;
				ORGANIZATIONNAME = "Thomas Tempelmann";
				TargetAttributes = {
					A41B6E631E4CE8A200C44013 = {
						CreatedOnToolsVersion = 7.2.1;
					};
				};
			};
			buildConfigurationList = A41B6E5F1E4CE8A200C44013 /* Build configuration list for PBXProject "NSOutlineView Testing" */;
			compatibilityVersion = "Xcode 3.2";
			developmentRegion = English;
			hasScannedForEncodings = 0;
			knownRegions = (
				en,
				Base,
			);
			mainGroup = A41B6E5B1E4CE8A200C44013;
			productRefGroup = A41B6E651E4CE8A200C44013 /* Products */;
			projectDirPath = "";
			projectRoot = "";
			targets = (
				A41B6E631E4CE8A200C44013 /* OutlineViewTest */,
			);
		};
/* End PBXProject section */

/* Begin PBXResourcesBuildPhase section */
		A41B6E621E4CE8A200C44013 /* Resources */ = {
			isa = PBXResourcesBuildPhase;
			buildActionMask = 2147483647;
			files = (
				A41B6E6E1E4CE8A200C44013 /* Assets.xcassets in Resources */,
				A41B6E711E4CE8A200C44013 /* MainMenu.xib in Resources */,
			);
			runOnlyForDeploymentPostprocessing = 0;
		};
/* End PBXResourcesBuildPhase section */

/* Begin PBXSourcesBuildPhase section */
		A41B6E601E4CE8A200C44013 /* Sources */ = {
			isa = PBXSourcesBuildPhase;
			buildActionMask = 2147483647;
			files = (
				A4AF99C11E53C5E300C44013 /* ImageAndTextCell.m in Sources */,
				A41B6E6C1E4CE8A200C44013 /* main.m in Sources */,
				A4A4A8191E80087300C44013 /* MyTextView.m in Sources */,
				A41B6E691E4CE8A200C44013 /* AppDelegate.m in Sources */,
				A41B6E7A1E4CED5900C44013 /* CustomOutlineView.m in Sources */,
			);
			runOnlyForDeploymentPostprocessing = 0;
		};
/* End PBXSourcesBuildPhase section */

/* Begin PBXVariantGroup section */
		A41B6E6F1E4CE8A200C44013 /* MainMenu.xib */ = {
			isa = PBXVariantGroup;
			children = (
				A4AF41871E77F12000C44013 /* en */,
			);
			name = MainMenu.xib;
			sourceTree = "<group>";
		};
/* End PBXVariantGroup section */

/* Begin XCBuildConfiguration section */
		A41B6E731E4CE8A200C44013 /* Debug */ = {
			isa = XCBuildConfiguration;
			buildSettings = {
				ALWAYS_SEARCH_USER_PATHS = NO;
				CLANG_CXX_LANGUAGE_STANDARD = "gnu++0x";
				CLANG_CXX_LIBRARY = "libc++";
				CLANG_ENABLE_MODULES = YES;
				CLANG_ENABLE_OBJC_ARC = YES;
				CLANG_WARN_BOOL_CONVERSION = YES;
				CLANG_WARN_CONSTANT_CONVERSION = YES;
				CLANG_WARN_DIRECT_OBJC_ISA_USAGE = YES_ERROR;
				CLANG_WARN_EMPTY_BODY = YES;
				CLANG_WARN_ENUM_CONVERSION = YES;
				CLANG_WARN_INT_CONVERSION = YES;
				CLANG_WARN_OBJC_ROOT_CLASS = YES_ERROR;
				CLANG_WARN_UNREACHABLE_CODE = YES;
				CLANG_WARN__DUPLICATE_METHOD_MATCH = YES;
				CODE_SIGN_IDENTITY = "-";
				COPY_PHASE_STRIP = NO;
				DEBUG_INFORMATION_FORMAT = dwarf;
				ENABLE_STRICT_OBJC_MSGSEND = YES;
				ENABLE_TESTABILITY = YES;
				GCC_C_LANGUAGE_STANDARD = gnu99;
				GCC_DYNAMIC_NO_PIC = NO;
				GCC_NO_COMMON_BLOCKS = YES;
				GCC_OPTIMIZATION_LEVEL = 0;
				GCC_PREPROCESSOR_DEFINITIONS = (
					"DEBUG=1",
					"$(inherited)",
				);
				GCC_WARN_64_TO_32_BIT_CONVERSION = YES;
				GCC_WARN_ABOUT_RETURN_TYPE = YES_ERROR;
				GCC_WARN_UNDECLARED_SELECTOR = YES;
				GCC_WARN_UNINITIALIZED_AUTOS = YES_AGGRESSIVE;
				GCC_WARN_UNUSED_FUNCTION = YES;
				GCC_WARN_UNUSED_VARIABLE = YES;
				MACOSX_DEPLOYMENT_TARGET = 10.6;
				MTL_ENABLE_DEBUG_INFO = YES;
				ONLY_ACTIVE_ARCH = YES;
				SDKROOT = macosx;
			};
			name = Debug;
		};
		A41B6E741E4CE8A200C44013 /* Release */ = {
			isa = XCBuildConfiguration;
			buildSettings = {
				ALWAYS_SEARCH_USER_PATHS = NO;
				CLANG_CXX_LANGUAGE_STANDARD = "gnu++0x";
				CLANG_CXX_LIBRARY = "libc++";
				CLANG_ENABLE_MODULES = YES;
				CLANG_ENABLE_OBJC_ARC = YES;
				CLANG_WARN_BOOL_CONVERSION = YES;
				CLANG_WARN_CONSTANT_CONVERSION = YES;
				CLANG_WARN_DIRECT_OBJC_ISA_USAGE = YES_ERROR;
				CLANG_WARN_EMPTY_BODY = YES;
				CLANG_WARN_ENUM_CONVERSION = YES;
				CLANG_WARN_INT_CONVERSION = YES;
				CLANG_WARN_OBJC_ROOT_CLASS = YES_ERROR;
				CLANG_WARN_UNREACHABLE_CODE = YES;
				CLANG_WARN__DUPLICATE_METHOD_MATCH = YES;
				CODE_SIGN_IDENTITY = "-";
				COPY_PHASE_STRIP = NO;
				DEBUG_INFORMATION_FORMAT = "dwarf-with-dsym";
				ENABLE_NS_ASSERTIONS = NO;
				ENABLE_STRICT_OBJC_MSGSEND = YES;
				GCC_C_LANGUAGE_STANDARD = gnu99;
				GCC_NO_COMMON_BLOCKS = YES;
				GCC_WARN_64_TO_32_BIT_CONVERSION = YES;
				GCC_WARN_ABOUT_RETURN_TYPE = YES_ERROR;
				GCC_WARN_UNDECLARED_SELECTOR = YES;
				GCC_WARN_UNINITIALIZED_AUTOS = YES_AGGRESSIVE;
				GCC_WARN_UNUSED_FUNCTION = YES;
				GCC_WARN_UNUSED_VARIABLE = YES;
				MACOSX_DEPLOYMENT_TARGET = 10.6;
				MTL_ENABLE_DEBUG_INFO = NO;
				SDKROOT = macosx;
			};
			name = Release;
		};
		A41B6E761E4CE8A200C44013 /* Debug */ = {
			isa = XCBuildConfiguration;
			buildSettings = {
				ASSETCATALOG_COMPILER_APPICON_NAME = AppIcon;
				COMBINE_HIDPI_IMAGES = YES;
				INFOPLIST_FILE = Source/Info.plist;
				LD_RUNPATH_SEARCH_PATHS = "$(inherited) @executable_path/../Frameworks";
				PRODUCT_BUNDLE_IDENTIFIER = org.tempel.osx.OutlineViewTest;
				PRODUCT_NAME = "$(TARGET_NAME)";
			};
			name = Debug;
		};
		A41B6E771E4CE8A200C44013 /* Release */ = {
			isa = XCBuildConfiguration;
			buildSettings = {
				ASSETCATALOG_COMPILER_APPICON_NAME = AppIcon;
				COMBINE_HIDPI_IMAGES = YES;
				INFOPLIST_FILE = Source/Info.plist;
				LD_RUNPATH_SEARCH_PATHS = "$(inherited) @executable_path/../Frameworks";
				PRODUCT_BUNDLE_IDENTIFIER = org.tempel.osx.OutlineViewTest;
				PRODUCT_NAME = "$(TARGET_NAME)";
			};
			name = Release;
		};
/* End XCBuildConfiguration section */

/* Begin XCConfigurationList section */
		A41B6E5F1E4CE8A200C44013 /* Build configuration list for PBXProject "NSOutlineView Testing" */ = {
			isa = XCConfigurationList;
			buildConfigurations = (
				A41B6E731E4CE8A200C44013 /* Debug */,
				A41B6E741E4CE8A200C44013 /* Release */,
			);
			defaultConfigurationIsVisible = 0;
			defaultConfigurationName = Release;
		};
		A41B6E751E4CE8A200C44013 /* Build configuration list for PBXNativeTarget "OutlineViewTest" */ = {
			isa = XCConfigurationList;
			buildConfigurations = (
				A41B6E761E4CE8A200C44013 /* Debug */,
				A41B6E771E4CE8A200C44013 /* Release */,
			);
			defaultConfigurationIsVisible = 0;
			defaultConfigurationName = Release;
		};
/* End XCConfigurationList section */
	};
	rootObject = A41B6E5C1E4CE8A200C44013 /* Project object */;
}
